
Microsoft Visual Studio Solution File, Format Version 12.00
# Visual Studio Version 17
VisualStudioVersion = 17.9.34607.119
MinimumVisualStudioVersion = 10.0.40219.1
Project("{9A19103F-16F7-4668-BE54-9A1E7A4F7556}") = "UJJWALPMS.web", "UJJWALPMS.web\UJJWALPMS.web.csproj", "{CBE8FE5D-5A3D-45EC-9B43-4646DBE66513}"
EndProject
Project("{9A19103F-16F7-4668-BE54-9A1E7A4F7556}") = "UJJWALPMS.Infrastructure", "UJJWALPMS.Infrastructure\UJJWALPMS.Infrastructure.csproj", "{A12F12BA-B6ED-46B1-898D-F1EF4507FB59}"
EndProject
Project("{9A19103F-16F7-4668-BE54-9A1E7A4F7556}") = "UJJWALPMS.Models", "UJJWALPMS.Models\UJJWALPMS.Models.csproj", "{697B2702-0C5B-472B-9D2D-632A19A8F0F6}"
EndProject
Global
	GlobalSection(SolutionConfigurationPlatforms) = preSolution
		Debug|Any CPU = Debug|Any CPU
		Release|Any CPU = Release|Any CPU
	EndGlobalSection
	GlobalSection(ProjectConfigurationPlatforms) = postSolution
		{CBE8FE5D-5A3D-45EC-9B43-4646DBE66513}.Debug|Any CPU.ActiveCfg = Debug|Any CPU
		{CBE8FE5D-5A3D-45EC-9B43-4646DBE66513}.Debug|Any CPU.Build.0 = Debug|Any CPU
		{CBE8FE5D-5A3D-45EC-9B43-4646DBE66513}.Release|Any CPU.ActiveCfg = Release|Any CPU
		{CBE8FE5D-5A3D-45EC-9B43-4646DBE66513}.Release|Any CPU.Build.0 = Release|Any CPU
		{A12F12BA-B6ED-46B1-898D-F1EF4507FB59}.Debug|Any CPU.ActiveCfg = Debug|Any CPU
		{A12F12BA-B6ED-46B1-898D-F1EF4507FB59}.Debug|Any CPU.Build.0 = Debug|Any CPU
		{A12F12BA-B6ED-46B1-898D-F1EF4507FB59}.Release|Any CPU.ActiveCfg = Release|Any CPU
		{A12F12BA-B6ED-46B1-898D-F1EF4507FB59}.Release|Any CPU.Build.0 = Release|Any CPU
		{697B2702-0C5B-472B-9D2D-632A19A8F0F6}.Debug|Any CPU.ActiveCfg = Debug|Any CPU
		{697B2702-0C5B-472B-9D2D-632A19A8F0F6}.Debug|Any CPU.Build.0 = Debug|Any CPU
		{697B2702-0C5B-472B-9D2D-632A19A8F0F6}.Release|Any CPU.ActiveCfg = Release|Any CPU
		{697B2702-0C5B-472B-9D2D-632A19A8F0F6}.Release|Any CPU.Build.0 = Release|Any CPU
	EndGlobalSection
	GlobalSection(SolutionProperties) = preSolution
		HideSolutionNode = FALSE
	EndGlobalSection
	GlobalSection(ExtensibilityGlobals) = postSolution
		SolutionGuid = {EEFA9C81-7B8A-4D3F-9C75-2199730FC0EC}
	EndGlobalSection
EndGlobal
